// !$*UTF8*$!
{
	archiveVersion = 1;
	classes = {
	};
	objectVersion = 46;
	objects = {

/* Begin PBXBuildFile section */
		1E952C7BE79DDD97994454EC /* Pods_instagram.framework in Frameworks */ = {isa = PBXBuildFile; fileRef = 545A5940877E03E97C072C2F /* Pods_instagram.framework */; };
		4F19B35C1D810AF20003AB18 /* AppDelegate.swift in Sources */ = {isa = PBXBuildFile; fileRef = 4F19B35B1D810AF20003AB18 /* AppDelegate.swift */; };
		4F19B35E1D810AF20003AB18 /* SignUpViewController.swift in Sources */ = {isa = PBXBuildFile; fileRef = 4F19B35D1D810AF20003AB18 /* SignUpViewController.swift */; };
		4F19B3611D810AF20003AB18 /* Main.storyboard in Resources */ = {isa = PBXBuildFile; fileRef = 4F19B35F1D810AF20003AB18 /* Main.storyboard */; };
		4F19B3631D810AF20003AB18 /* Assets.xcassets in Resources */ = {isa = PBXBuildFile; fileRef = 4F19B3621D810AF20003AB18 /* Assets.xcassets */; };
		4F19B3661D810AF20003AB18 /* LaunchScreen.storyboard in Resources */ = {isa = PBXBuildFile; fileRef = 4F19B3641D810AF20003AB18 /* LaunchScreen.storyboard */; };
		4F19B36E1D810B0C0003AB18 /* GoogleService-Info.plist in Resources */ = {isa = PBXBuildFile; fileRef = 4F19B36D1D810B0C0003AB18 /* GoogleService-Info.plist */; };
		4F7487581D814F09007B8941 /* Bolts.framework in Frameworks */ = {isa = PBXBuildFile; fileRef = 4F7487541D814F09007B8941 /* Bolts.framework */; };
		4F7487591D814F09007B8941 /* FBSDKCoreKit.framework in Frameworks */ = {isa = PBXBuildFile; fileRef = 4F7487551D814F09007B8941 /* FBSDKCoreKit.framework */; };
		4F74875A1D814F09007B8941 /* FBSDKLoginKit.framework in Frameworks */ = {isa = PBXBuildFile; fileRef = 4F7487561D814F09007B8941 /* FBSDKLoginKit.framework */; };
		4F74875B1D814F09007B8941 /* FBSDKShareKit.framework in Frameworks */ = {isa = PBXBuildFile; fileRef = 4F7487571D814F09007B8941 /* FBSDKShareKit.framework */; };
		4F9C97061D82642D009E2891 /* FeedStoryboard.storyboard in Resources */ = {isa = PBXBuildFile; fileRef = 4F9C97051D82642D009E2891 /* FeedStoryboard.storyboard */; };
		4F9C97081D82665B009E2891 /* ProfileStoryboard.storyboard in Resources */ = {isa = PBXBuildFile; fileRef = 4F9C97071D82665B009E2891 /* ProfileStoryboard.storyboard */; };
		4F9C970B1D8267CB009E2891 /* ProfileViewController.swift in Sources */ = {isa = PBXBuildFile; fileRef = 4F9C970A1D8267CB009E2891 /* ProfileViewController.swift */; };
		4F9C97111D828426009E2891 /* AddCaptionViewController.swift in Sources */ = {isa = PBXBuildFile; fileRef = 4F9C97101D828426009E2891 /* AddCaptionViewController.swift */; };
		4F9C97131D828471009E2891 /* CameraStoryboard.storyboard in Resources */ = {isa = PBXBuildFile; fileRef = 4F9C97121D828471009E2891 /* CameraStoryboard.storyboard */; };
		4F9C97171D82A404009E2891 /* Post.swift in Sources */ = {isa = PBXBuildFile; fileRef = 4F9C97161D82A404009E2891 /* Post.swift */; };
		4F9C97191D82A6EB009E2891 /* Profile.swift in Sources */ = {isa = PBXBuildFile; fileRef = 4F9C97181D82A6EB009E2891 /* Profile.swift */; };
		4FA72FD31D81AD3C00AB6C1A /* HomeTabBarController.swift in Sources */ = {isa = PBXBuildFile; fileRef = 4FA72FD21D81AD3C00AB6C1A /* HomeTabBarController.swift */; };
		4FA72FD51D81B38A00AB6C1A /* CameraViewController.swift in Sources */ = {isa = PBXBuildFile; fileRef = 4FA72FD41D81B38A00AB6C1A /* CameraViewController.swift */; };
		53B90C4F1D8135DC00FBAC2D /* HomeStoryboard.storyboard in Resources */ = {isa = PBXBuildFile; fileRef = 53B90C4E1D8135DC00FBAC2D /* HomeStoryboard.storyboard */; };
		53B90C531D813CBE00FBAC2D /* FeedViewController.swift in Sources */ = {isa = PBXBuildFile; fileRef = 53B90C521D813CBE00FBAC2D /* FeedViewController.swift */; };
		53B90C571D817A7400FBAC2D /* UserTableViewCell.swift in Sources */ = {isa = PBXBuildFile; fileRef = 53B90C561D817A7400FBAC2D /* UserTableViewCell.swift */; };
		53D8EF441D812F5300B26BC0 /* LogInViewController.swift in Sources */ = {isa = PBXBuildFile; fileRef = 53D8EF431D812F5300B26BC0 /* LogInViewController.swift */; };
/* End PBXBuildFile section */

/* Begin PBXFileReference section */
		0C34285DEE5ADC6BF603B7B7 /* Pods-instagram.debug.xcconfig */ = {isa = PBXFileReference; includeInIndex = 1; lastKnownFileType = text.xcconfig; name = "Pods-instagram.debug.xcconfig"; path = "Pods/Target Support Files/Pods-instagram/Pods-instagram.debug.xcconfig"; sourceTree = "<group>"; };
		4F19B3581D810AF20003AB18 /* instagram.app */ = {isa = PBXFileReference; explicitFileType = wrapper.application; includeInIndex = 0; path = instagram.app; sourceTree = BUILT_PRODUCTS_DIR; };
		4F19B35B1D810AF20003AB18 /* AppDelegate.swift */ = {isa = PBXFileReference; lastKnownFileType = sourcecode.swift; path = AppDelegate.swift; sourceTree = "<group>"; };
		4F19B35D1D810AF20003AB18 /* SignUpViewController.swift */ = {isa = PBXFileReference; lastKnownFileType = sourcecode.swift; path = SignUpViewController.swift; sourceTree = "<group>"; };
		4F19B3601D810AF20003AB18 /* Base */ = {isa = PBXFileReference; lastKnownFileType = file.storyboard; name = Base; path = Base.lproj/Main.storyboard; sourceTree = "<group>"; };
		4F19B3621D810AF20003AB18 /* Assets.xcassets */ = {isa = PBXFileReference; lastKnownFileType = folder.assetcatalog; path = Assets.xcassets; sourceTree = "<group>"; };
		4F19B3651D810AF20003AB18 /* Base */ = {isa = PBXFileReference; lastKnownFileType = file.storyboard; name = Base; path = Base.lproj/LaunchScreen.storyboard; sourceTree = "<group>"; };
		4F19B3671D810AF20003AB18 /* Info.plist */ = {isa = PBXFileReference; lastKnownFileType = text.plist.xml; path = Info.plist; sourceTree = "<group>"; };
		4F19B36D1D810B0C0003AB18 /* GoogleService-Info.plist */ = {isa = PBXFileReference; fileEncoding = 4; lastKnownFileType = text.plist.xml; path = "GoogleService-Info.plist"; sourceTree = "<group>"; };
		4F7487541D814F09007B8941 /* Bolts.framework */ = {isa = PBXFileReference; lastKnownFileType = wrapper.framework; path = Bolts.framework; sourceTree = "<group>"; };
		4F7487551D814F09007B8941 /* FBSDKCoreKit.framework */ = {isa = PBXFileReference; lastKnownFileType = wrapper.framework; path = FBSDKCoreKit.framework; sourceTree = "<group>"; };
		4F7487561D814F09007B8941 /* FBSDKLoginKit.framework */ = {isa = PBXFileReference; lastKnownFileType = wrapper.framework; path = FBSDKLoginKit.framework; sourceTree = "<group>"; };
		4F7487571D814F09007B8941 /* FBSDKShareKit.framework */ = {isa = PBXFileReference; lastKnownFileType = wrapper.framework; path = FBSDKShareKit.framework; sourceTree = "<group>"; };
		4F9C97051D82642D009E2891 /* FeedStoryboard.storyboard */ = {isa = PBXFileReference; fileEncoding = 4; lastKnownFileType = file.storyboard; path = FeedStoryboard.storyboard; sourceTree = "<group>"; };
		4F9C97071D82665B009E2891 /* ProfileStoryboard.storyboard */ = {isa = PBXFileReference; fileEncoding = 4; lastKnownFileType = file.storyboard; path = ProfileStoryboard.storyboard; sourceTree = "<group>"; };
		4F9C970A1D8267CB009E2891 /* ProfileViewController.swift */ = {isa = PBXFileReference; fileEncoding = 4; lastKnownFileType = sourcecode.swift; path = ProfileViewController.swift; sourceTree = "<group>"; };
		4F9C97101D828426009E2891 /* AddCaptionViewController.swift */ = {isa = PBXFileReference; fileEncoding = 4; lastKnownFileType = sourcecode.swift; path = AddCaptionViewController.swift; sourceTree = "<group>"; };
		4F9C97121D828471009E2891 /* CameraStoryboard.storyboard */ = {isa = PBXFileReference; fileEncoding = 4; lastKnownFileType = file.storyboard; path = CameraStoryboard.storyboard; sourceTree = "<group>"; };
		4F9C97161D82A404009E2891 /* Post.swift */ = {isa = PBXFileReference; fileEncoding = 4; lastKnownFileType = sourcecode.swift; path = Post.swift; sourceTree = "<group>"; };
		4F9C97181D82A6EB009E2891 /* Profile.swift */ = {isa = PBXFileReference; fileEncoding = 4; lastKnownFileType = sourcecode.swift; path = Profile.swift; sourceTree = "<group>"; };
		4FA72FD21D81AD3C00AB6C1A /* HomeTabBarController.swift */ = {isa = PBXFileReference; fileEncoding = 4; lastKnownFileType = sourcecode.swift; path = HomeTabBarController.swift; sourceTree = "<group>"; };
		4FA72FD41D81B38A00AB6C1A /* CameraViewController.swift */ = {isa = PBXFileReference; fileEncoding = 4; lastKnownFileType = sourcecode.swift; path = CameraViewController.swift; sourceTree = "<group>"; };
		53B90C4E1D8135DC00FBAC2D /* HomeStoryboard.storyboard */ = {isa = PBXFileReference; fileEncoding = 4; lastKnownFileType = file.storyboard; path = HomeStoryboard.storyboard; sourceTree = "<group>"; };
		53B90C521D813CBE00FBAC2D /* FeedViewController.swift */ = {isa = PBXFileReference; fileEncoding = 4; lastKnownFileType = sourcecode.swift; path = FeedViewController.swift; sourceTree = "<group>"; };
		53B90C561D817A7400FBAC2D /* UserTableViewCell.swift */ = {isa = PBXFileReference; fileEncoding = 4; lastKnownFileType = sourcecode.swift; path = UserTableViewCell.swift; sourceTree = "<group>"; };
		53D8EF431D812F5300B26BC0 /* LogInViewController.swift */ = {isa = PBXFileReference; fileEncoding = 4; lastKnownFileType = sourcecode.swift; path = LogInViewController.swift; sourceTree = "<group>"; };
		545A5940877E03E97C072C2F /* Pods_instagram.framework */ = {isa = PBXFileReference; explicitFileType = wrapper.framework; includeInIndex = 0; path = Pods_instagram.framework; sourceTree = BUILT_PRODUCTS_DIR; };
		63FDCFC39020A0D911011EDE /* Pods-instagram.release.xcconfig */ = {isa = PBXFileReference; includeInIndex = 1; lastKnownFileType = text.xcconfig; name = "Pods-instagram.release.xcconfig"; path = "Pods/Target Support Files/Pods-instagram/Pods-instagram.release.xcconfig"; sourceTree = "<group>"; };
/* End PBXFileReference section */

/* Begin PBXFrameworksBuildPhase section */
		4F19B3551D810AF20003AB18 /* Frameworks */ = {
			isa = PBXFrameworksBuildPhase;
			buildActionMask = 2147483647;
			files = (
				1E952C7BE79DDD97994454EC /* Pods_instagram.framework in Frameworks */,
				4F7487591D814F09007B8941 /* FBSDKCoreKit.framework in Frameworks */,
				4F74875B1D814F09007B8941 /* FBSDKShareKit.framework in Frameworks */,
				4F74875A1D814F09007B8941 /* FBSDKLoginKit.framework in Frameworks */,
				4F7487581D814F09007B8941 /* Bolts.framework in Frameworks */,
			);
			runOnlyForDeploymentPostprocessing = 0;
		};
/* End PBXFrameworksBuildPhase section */

/* Begin PBXGroup section */
		1198B346C9F59FAB89F172C3 /* Frameworks */ = {
			isa = PBXGroup;
			children = (
				545A5940877E03E97C072C2F /* Pods_instagram.framework */,
			);
			name = Frameworks;
			sourceTree = "<group>";
		};
		4F19B34F1D810AF20003AB18 = {
			isa = PBXGroup;
			children = (
				4F19B35A1D810AF20003AB18 /* instagram */,
				4F19B3591D810AF20003AB18 /* Products */,
				4F7487541D814F09007B8941 /* Bolts.framework */,
				4F7487551D814F09007B8941 /* FBSDKCoreKit.framework */,
				4F7487561D814F09007B8941 /* FBSDKLoginKit.framework */,
				4F7487571D814F09007B8941 /* FBSDKShareKit.framework */,
				7D796961817E06CBBF0C9A6D /* Pods */,
				1198B346C9F59FAB89F172C3 /* Frameworks */,
			);
			sourceTree = "<group>";
		};
		4F19B3591D810AF20003AB18 /* Products */ = {
			isa = PBXGroup;
			children = (
				4F19B3581D810AF20003AB18 /* instagram.app */,
			);
			name = Products;
			sourceTree = "<group>";
		};
		4F19B35A1D810AF20003AB18 /* instagram */ = {
			isa = PBXGroup;
			children = (
				4F9C97181D82A6EB009E2891 /* Profile.swift */,
				4F9C97161D82A404009E2891 /* Post.swift */,
				4F9C970C1D8267D4009E2891 /* SignUpViewController */,
				4F9C970D1D8267F6009E2891 /* Home & Camera View Controller */,
				53B90C581D817A8100FBAC2D /* Feed Controller */,
				4F9C970E1D82680B009E2891 /* ProfileViewController */,
				4F9C97091D8267AB009E2891 /* Storyboards */,
				4F19B35B1D810AF20003AB18 /* AppDelegate.swift */,
				4F9C970F1D826858009E2891 /* Models */,
			);
			path = instagram;
			sourceTree = "<group>";
		};
		4F9C97091D8267AB009E2891 /* Storyboards */ = {
			isa = PBXGroup;
			children = (
				4F19B35F1D810AF20003AB18 /* Main.storyboard */,
				53B90C4E1D8135DC00FBAC2D /* HomeStoryboard.storyboard */,
				4F9C97121D828471009E2891 /* CameraStoryboard.storyboard */,
				4F9C97051D82642D009E2891 /* FeedStoryboard.storyboard */,
				4F9C97071D82665B009E2891 /* ProfileStoryboard.storyboard */,
			);
			name = Storyboards;
			sourceTree = "<group>";
		};
		4F9C970C1D8267D4009E2891 /* SignUpViewController */ = {
			isa = PBXGroup;
			children = (
				4F19B35D1D810AF20003AB18 /* SignUpViewController.swift */,
				53D8EF431D812F5300B26BC0 /* LogInViewController.swift */,
			);
			name = SignUpViewController;
			sourceTree = "<group>";
		};
		4F9C970D1D8267F6009E2891 /* Home & Camera View Controller */ = {
			isa = PBXGroup;
			children = (
				4FA72FD21D81AD3C00AB6C1A /* HomeTabBarController.swift */,
				4FA72FD41D81B38A00AB6C1A /* CameraViewController.swift */,
				4F9C97101D828426009E2891 /* AddCaptionViewController.swift */,
			);
			name = "Home & Camera View Controller";
			sourceTree = "<group>";
		};
		4F9C970E1D82680B009E2891 /* ProfileViewController */ = {
			isa = PBXGroup;
			children = (
				4F9C970A1D8267CB009E2891 /* ProfileViewController.swift */,
			);
			name = ProfileViewController;
			sourceTree = "<group>";
		};
		4F9C970F1D826858009E2891 /* Models */ = {
			isa = PBXGroup;
			children = (
				4F19B3621D810AF20003AB18 /* Assets.xcassets */,
				4F19B3641D810AF20003AB18 /* LaunchScreen.storyboard */,
				4F19B36D1D810B0C0003AB18 /* GoogleService-Info.plist */,
				4F19B3671D810AF20003AB18 /* Info.plist */,
			);
			name = Models;
			sourceTree = "<group>";
		};
		53B90C581D817A8100FBAC2D /* Feed Controller */ = {
			isa = PBXGroup;
			children = (
				53B90C521D813CBE00FBAC2D /* FeedViewController.swift */,
				53B90C561D817A7400FBAC2D /* UserTableViewCell.swift */,
			);
			name = "Feed Controller";
			sourceTree = "<group>";
		};
		7D796961817E06CBBF0C9A6D /* Pods */ = {
			isa = PBXGroup;
			children = (
				0C34285DEE5ADC6BF603B7B7 /* Pods-instagram.debug.xcconfig */,
				63FDCFC39020A0D911011EDE /* Pods-instagram.release.xcconfig */,
			);
			name = Pods;
			sourceTree = "<group>";
		};
/* End PBXGroup section */

/* Begin PBXNativeTarget section */
		4F19B3571D810AF20003AB18 /* instagram */ = {
			isa = PBXNativeTarget;
			buildConfigurationList = 4F19B36A1D810AF20003AB18 /* Build configuration list for PBXNativeTarget "instagram" */;
			buildPhases = (
				FB274F52B4D6F0F97FE8D6B8 /* [CP] Check Pods Manifest.lock */,
				4F19B3541D810AF20003AB18 /* Sources */,
				4F19B3551D810AF20003AB18 /* Frameworks */,
				4F19B3561D810AF20003AB18 /* Resources */,
				A4E31D68E9BDB7AEB450F53D /* [CP] Embed Pods Frameworks */,
				30395602557FCCEF0F0562B9 /* [CP] Copy Pods Resources */,
			);
			buildRules = (
			);
			dependencies = (
			);
			name = instagram;
			productName = instagram;
			productReference = 4F19B3581D810AF20003AB18 /* instagram.app */;
			productType = "com.apple.product-type.application";
		};
/* End PBXNativeTarget section */

/* Begin PBXProject section */
		4F19B3501D810AF20003AB18 /* Project object */ = {
			isa = PBXProject;
			attributes = {
				LastSwiftUpdateCheck = 0730;
				LastUpgradeCheck = 0730;
				ORGANIZATIONNAME = "Tan Yee Gene";
				TargetAttributes = {
					4F19B3571D810AF20003AB18 = {
						CreatedOnToolsVersion = 7.3.1;
						DevelopmentTeam = Z6256L4976;
					};
				};
			};
			buildConfigurationList = 4F19B3531D810AF20003AB18 /* Build configuration list for PBXProject "instagram" */;
			compatibilityVersion = "Xcode 3.2";
			developmentRegion = English;
			hasScannedForEncodings = 0;
			knownRegions = (
				en,
				Base,
			);
			mainGroup = 4F19B34F1D810AF20003AB18;
			productRefGroup = 4F19B3591D810AF20003AB18 /* Products */;
			projectDirPath = "";
			projectRoot = "";
			targets = (
				4F19B3571D810AF20003AB18 /* instagram */,
			);
		};
/* End PBXProject section */

/* Begin PBXResourcesBuildPhase section */
		4F19B3561D810AF20003AB18 /* Resources */ = {
			isa = PBXResourcesBuildPhase;
			buildActionMask = 2147483647;
			files = (
				4F19B36E1D810B0C0003AB18 /* GoogleService-Info.plist in Resources */,
				4F19B3661D810AF20003AB18 /* LaunchScreen.storyboard in Resources */,
				4F9C97081D82665B009E2891 /* ProfileStoryboard.storyboard in Resources */,
				4F9C97061D82642D009E2891 /* FeedStoryboard.storyboard in Resources */,
				4F9C97131D828471009E2891 /* CameraStoryboard.storyboard in Resources */,
				4F19B3631D810AF20003AB18 /* Assets.xcassets in Resources */,
				4F19B3611D810AF20003AB18 /* Main.storyboard in Resources */,
				53B90C4F1D8135DC00FBAC2D /* HomeStoryboard.storyboard in Resources */,
			);
			runOnlyForDeploymentPostprocessing = 0;
		};
/* End PBXResourcesBuildPhase section */

/* Begin PBXShellScriptBuildPhase section */
		30395602557FCCEF0F0562B9 /* [CP] Copy Pods Resources */ = {
			isa = PBXShellScriptBuildPhase;
			buildActionMask = 2147483647;
			files = (
			);
			inputPaths = (
			);
			name = "[CP] Copy Pods Resources";
			outputPaths = (
			);
			runOnlyForDeploymentPostprocessing = 0;
			shellPath = /bin/sh;
			shellScript = "\"${SRCROOT}/Pods/Target Support Files/Pods-instagram/Pods-instagram-resources.sh\"\n";
			showEnvVarsInLog = 0;
		};
		A4E31D68E9BDB7AEB450F53D /* [CP] Embed Pods Frameworks */ = {
			isa = PBXShellScriptBuildPhase;
			buildActionMask = 2147483647;
			files = (
			);
			inputPaths = (
			);
			name = "[CP] Embed Pods Frameworks";
			outputPaths = (
			);
			runOnlyForDeploymentPostprocessing = 0;
			shellPath = /bin/sh;
			shellScript = "\"${SRCROOT}/Pods/Target Support Files/Pods-instagram/Pods-instagram-frameworks.sh\"\n";
			showEnvVarsInLog = 0;
		};
		FB274F52B4D6F0F97FE8D6B8 /* [CP] Check Pods Manifest.lock */ = {
			isa = PBXShellScriptBuildPhase;
			buildActionMask = 2147483647;
			files = (
			);
			inputPaths = (
			);
			name = "[CP] Check Pods Manifest.lock";
			outputPaths = (
			);
			runOnlyForDeploymentPostprocessing = 0;
			shellPath = /bin/sh;
			shellScript = "diff \"${PODS_ROOT}/../Podfile.lock\" \"${PODS_ROOT}/Manifest.lock\" > /dev/null\nif [[ $? != 0 ]] ; then\n    cat << EOM\nerror: The sandbox is not in sync with the Podfile.lock. Run 'pod install' or update your CocoaPods installation.\nEOM\n    exit 1\nfi\n";
			showEnvVarsInLog = 0;
		};
/* End PBXShellScriptBuildPhase section */

/* Begin PBXSourcesBuildPhase section */
		4F19B3541D810AF20003AB18 /* Sources */ = {
			isa = PBXSourcesBuildPhase;
			buildActionMask = 2147483647;
			files = (
				4F19B35E1D810AF20003AB18 /* SignUpViewController.swift in Sources */,
				4F19B35C1D810AF20003AB18 /* AppDelegate.swift in Sources */,
				4FA72FD31D81AD3C00AB6C1A /* HomeTabBarController.swift in Sources */,
				53B90C531D813CBE00FBAC2D /* FeedViewController.swift in Sources */,
				4FA72FD51D81B38A00AB6C1A /* CameraViewController.swift in Sources */,
				53D8EF441D812F5300B26BC0 /* LogInViewController.swift in Sources */,
				4F9C970B1D8267CB009E2891 /* ProfileViewController.swift in Sources */,
				53B90C571D817A7400FBAC2D /* UserTableViewCell.swift in Sources */,
				4F9C97191D82A6EB009E2891 /* Profile.swift in Sources */,
				4F9C97111D828426009E2891 /* AddCaptionViewController.swift in Sources */,
				4F9C97171D82A404009E2891 /* Post.swift in Sources */,
			);
			runOnlyForDeploymentPostprocessing = 0;
		};
/* End PBXSourcesBuildPhase section */

/* Begin PBXVariantGroup section */
		4F19B35F1D810AF20003AB18 /* Main.storyboard */ = {
			isa = PBXVariantGroup;
			children = (
				4F19B3601D810AF20003AB18 /* Base */,
			);
			name = Main.storyboard;
			sourceTree = "<group>";
		};
		4F19B3641D810AF20003AB18 /* LaunchScreen.storyboard */ = {
			isa = PBXVariantGroup;
			children = (
				4F19B3651D810AF20003AB18 /* Base */,
			);
			name = LaunchScreen.storyboard;
			sourceTree = "<group>";
		};
/* End PBXVariantGroup section */

/* Begin XCBuildConfiguration section */
		4F19B3681D810AF20003AB18 /* Debug */ = {
			isa = XCBuildConfiguration;
			buildSettings = {
				ALWAYS_SEARCH_USER_PATHS = NO;
				CLANG_ANALYZER_NONNULL = YES;
				CLANG_CXX_LANGUAGE_STANDARD = "gnu++0x";
				CLANG_CXX_LIBRARY = "libc++";
				CLANG_ENABLE_MODULES = YES;
				CLANG_ENABLE_OBJC_ARC = YES;
				CLANG_WARN_BOOL_CONVERSION = YES;
				CLANG_WARN_CONSTANT_CONVERSION = YES;
				CLANG_WARN_DIRECT_OBJC_ISA_USAGE = YES_ERROR;
				CLANG_WARN_EMPTY_BODY = YES;
				CLANG_WARN_ENUM_CONVERSION = YES;
				CLANG_WARN_INT_CONVERSION = YES;
				CLANG_WARN_OBJC_ROOT_CLASS = YES_ERROR;
				CLANG_WARN_UNREACHABLE_CODE = YES;
				CLANG_WARN__DUPLICATE_METHOD_MATCH = YES;
				"CODE_SIGN_IDENTITY[sdk=iphoneos*]" = "iPhone Developer";
				COPY_PHASE_STRIP = NO;
				DEBUG_INFORMATION_FORMAT = dwarf;
				ENABLE_STRICT_OBJC_MSGSEND = YES;
				ENABLE_TESTABILITY = YES;
				GCC_C_LANGUAGE_STANDARD = gnu99;
				GCC_DYNAMIC_NO_PIC = NO;
				GCC_NO_COMMON_BLOCKS = YES;
				GCC_OPTIMIZATION_LEVEL = 0;
				GCC_PREPROCESSOR_DEFINITIONS = (
					"DEBUG=1",
					"$(inherited)",
				);
				GCC_WARN_64_TO_32_BIT_CONVERSION = YES;
				GCC_WARN_ABOUT_RETURN_TYPE = YES_ERROR;
				GCC_WARN_UNDECLARED_SELECTOR = YES;
				GCC_WARN_UNINITIALIZED_AUTOS = YES_AGGRESSIVE;
				GCC_WARN_UNUSED_FUNCTION = YES;
				GCC_WARN_UNUSED_VARIABLE = YES;
				IPHONEOS_DEPLOYMENT_TARGET = 9.3;
				MTL_ENABLE_DEBUG_INFO = YES;
				ONLY_ACTIVE_ARCH = YES;
				SDKROOT = iphoneos;
				SWIFT_OPTIMIZATION_LEVEL = "-Onone";
				TARGETED_DEVICE_FAMILY = "1,2";
			};
			name = Debug;
		};
		4F19B3691D810AF20003AB18 /* Release */ = {
			isa = XCBuildConfiguration;
			buildSettings = {
				ALWAYS_SEARCH_USER_PATHS = NO;
				CLANG_ANALYZER_NONNULL = YES;
				CLANG_CXX_LANGUAGE_STANDARD = "gnu++0x";
				CLANG_CXX_LIBRARY = "libc++";
				CLANG_ENABLE_MODULES = YES;
				CLANG_ENABLE_OBJC_ARC = YES;
				CLANG_WARN_BOOL_CONVERSION = YES;
				CLANG_WARN_CONSTANT_CONVERSION = YES;
				CLANG_WARN_DIRECT_OBJC_ISA_USAGE = YES_ERROR;
				CLANG_WARN_EMPTY_BODY = YES;
				CLANG_WARN_ENUM_CONVERSION = YES;
				CLANG_WARN_INT_CONVERSION = YES;
				CLANG_WARN_OBJC_ROOT_CLASS = YES_ERROR;
				CLANG_WARN_UNREACHABLE_CODE = YES;
				CLANG_WARN__DUPLICATE_METHOD_MATCH = YES;
				"CODE_SIGN_IDENTITY[sdk=iphoneos*]" = "iPhone Developer";
				COPY_PHASE_STRIP = NO;
				DEBUG_INFORMATION_FORMAT = "dwarf-with-dsym";
				ENABLE_NS_ASSERTIONS = NO;
				ENABLE_STRICT_OBJC_MSGSEND = YES;
				GCC_C_LANGUAGE_STANDARD = gnu99;
				GCC_NO_COMMON_BLOCKS = YES;
				GCC_WARN_64_TO_32_BIT_CONVERSION = YES;
				GCC_WARN_ABOUT_RETURN_TYPE = YES_ERROR;
				GCC_WARN_UNDECLARED_SELECTOR = YES;
				GCC_WARN_UNINITIALIZED_AUTOS = YES_AGGRESSIVE;
				GCC_WARN_UNUSED_FUNCTION = YES;
				GCC_WARN_UNUSED_VARIABLE = YES;
				IPHONEOS_DEPLOYMENT_TARGET = 9.3;
				MTL_ENABLE_DEBUG_INFO = NO;
				SDKROOT = iphoneos;
				TARGETED_DEVICE_FAMILY = "1,2";
				VALIDATE_PRODUCT = YES;
			};
			name = Release;
		};
		4F19B36B1D810AF20003AB18 /* Debug */ = {
			isa = XCBuildConfiguration;
			baseConfigurationReference = 0C34285DEE5ADC6BF603B7B7 /* Pods-instagram.debug.xcconfig */;
			buildSettings = {
				ASSETCATALOG_COMPILER_APPICON_NAME = AppIcon;
				CODE_SIGN_IDENTITY = "iPhone Developer";
				"CODE_SIGN_IDENTITY[sdk=iphoneos*]" = "iPhone Developer";
				FRAMEWORK_SEARCH_PATHS = (
					"$(inherited)",
					"$(PROJECT_DIR)",
				);
				INFOPLIST_FILE = instagram/Info.plist;
				LD_RUNPATH_SEARCH_PATHS = "$(inherited) @executable_path/Frameworks";
				PRODUCT_BUNDLE_IDENTIFIER = genecoding.instagram;
				PRODUCT_NAME = "$(TARGET_NAME)";
				PROVISIONING_PROFILE = "";
			};
			name = Debug;
		};
		4F19B36C1D810AF20003AB18 /* Release */ = {
			isa = XCBuildConfiguration;
			baseConfigurationReference = 63FDCFC39020A0D911011EDE /* Pods-instagram.release.xcconfig */;
			buildSettings = {
				ASSETCATALOG_COMPILER_APPICON_NAME = AppIcon;
				CODE_SIGN_IDENTITY = "iPhone Developer";
				"CODE_SIGN_IDENTITY[sdk=iphoneos*]" = "iPhone Developer";
				FRAMEWORK_SEARCH_PATHS = (
					"$(inherited)",
					"$(PROJECT_DIR)",
				);
				INFOPLIST_FILE = instagram/Info.plist;
				LD_RUNPATH_SEARCH_PATHS = "$(inherited) @executable_path/Frameworks";
				PRODUCT_BUNDLE_IDENTIFIER = genecoding.instagram;
				PRODUCT_NAME = "$(TARGET_NAME)";
				PROVISIONING_PROFILE = "";
			};
			name = Release;
		};
/* End XCBuildConfiguration section */

/* Begin XCConfigurationList section */
		4F19B3531D810AF20003AB18 /* Build configuration list for PBXProject "instagram" */ = {
			isa = XCConfigurationList;
			buildConfigurations = (
				4F19B3681D810AF20003AB18 /* Debug */,
				4F19B3691D810AF20003AB18 /* Release */,
			);
			defaultConfigurationIsVisible = 0;
			defaultConfigurationName = Release;
		};
		4F19B36A1D810AF20003AB18 /* Build configuration list for PBXNativeTarget "instagram" */ = {
			isa = XCConfigurationList;
			buildConfigurations = (
				4F19B36B1D810AF20003AB18 /* Debug */,
				4F19B36C1D810AF20003AB18 /* Release */,
			);
			defaultConfigurationIsVisible = 0;
			defaultConfigurationName = Release;
		};
/* End XCConfigurationList section */
	};
	rootObject = 4F19B3501D810AF20003AB18 /* Project object */;
}
